{
    "_readme": [
        "This lock file was generated by Codex without running composer due to environment constraints."
    ],
    "content-hash": "",
    "packages": [
        {
            "name": "vlucas/phpdotenv",
            "version": "5.5.0"
        },
        {
            "name": "mpdf/mpdf",
            "version": "8.2.0"
        },
        {
            "name": "phpoffice/phpword",
            "version": "1.1.0"
        },
        {
            "name": "phpoffice/phpspreadsheet",
            "version": "1.29.0"
        },
        {
            "name": "smalot/pdfparser",
            "version": "0.16.4"
        }
    ],
    "packages-dev": [],
    "platform": {
        "php": ">=7.4"
    },
    "platform-dev": []
}
